
Microsoft Visual Studio Solution File, Format Version 11.00
# Visual Studio 2010
Project("{FAE04EC0-301F-11D3-BF4B-00C04F79EFBC}") = "1000", "Assembly-CSharp.csproj", "{B17319D7-A698-9264-ADE9-F7AE9C8EF27A}"
EndProject
Global
	GlobalSection(SolutionConfigurationPlatforms) = preSolution
		Debug|Any CPU = Debug|Any CPU
		Release|Any CPU = Release|Any CPU
	EndGlobalSection
	GlobalSection(ProjectConfigurationPlatforms) = postSolution
		{B17319D7-A698-9264-ADE9-F7AE9C8EF27A}.Debug|Any CPU.ActiveCfg = Debug|Any CPU
		{B17319D7-A698-9264-ADE9-F7AE9C8EF27A}.Debug|Any CPU.Build.0 = Debug|Any CPU
		{B17319D7-A698-9264-ADE9-F7AE9C8EF27A}.Release|Any CPU.ActiveCfg = Release|Any CPU
		{B17319D7-A698-9264-ADE9-F7AE9C8EF27A}.Release|Any CPU.Build.0 = Release|Any CPU
	EndGlobalSection
	GlobalSection(SolutionProperties) = preSolution
		HideSolutionNode = FALSE
	EndGlobalSection
	GlobalSection(MonoDevelopProperties) = preSolution
		StartupItem = Assembly-CSharp.csproj
	EndGlobalSection
EndGlobal
